lockfileVersion: '9.0'

settings:
  autoInstallPeers: true
  excludeLinksFromLockfile: false

importers:

  .:
    dependencies:
      partial-json:
        specifier: ^0.1.7
        version: 0.1.7

packages:

  partial-json@0.1.7:
    resolution: {integrity: sha512-Njv/59hHaokb/hRUjce3Hdv12wd60MtM9Z5Olmn+nehe0QDAsRtRbJPvJ0Z91TusF0SuZRIvnM+S4l6EIP8leA==}

snapshots:

  partial-json@0.1.7: {}
